
Microsoft Visual Studio Solution File, Format Version 10.00
# Visual Studio 2008
Project("{FAE04EC0-301F-11D3-BF4B-00C04F79EFBC}") = "PS3 PSP PKG Decrypter Extractor", "PSP PS3 PKG Decrypter_Extractor\PS3 PSP PKG Decrypter Extractor.csproj", "{62DEA6A3-939C-4893-85BC-EA9E1CFBF2AF}"
EndProject
Global
	GlobalSection(SolutionConfigurationPlatforms) = preSolution
		Debug|Any CPU = Debug|Any CPU
		Release|Any CPU = Release|Any CPU
	EndGlobalSection
	GlobalSection(ProjectConfigurationPlatforms) = postSolution
		{62DEA6A3-939C-4893-85BC-EA9E1CFBF2AF}.Debug|Any CPU.ActiveCfg = Debug|Any CPU
		{62DEA6A3-939C-4893-85BC-EA9E1CFBF2AF}.Debug|Any CPU.Build.0 = Debug|Any CPU
		{62DEA6A3-939C-4893-85BC-EA9E1CFBF2AF}.Release|Any CPU.ActiveCfg = Release|Any CPU
		{62DEA6A3-939C-4893-85BC-EA9E1CFBF2AF}.Release|Any CPU.Build.0 = Release|Any CPU
	EndGlobalSection
	GlobalSection(SolutionProperties) = preSolution
		HideSolutionNode = FALSE
	EndGlobalSection
EndGlobal
